
Microsoft Visual Studio Solution File, Format Version 12.00
# Visual Studio Version 16
VisualStudioVersion = 16.0.30413.136
MinimumVisualStudioVersion = 10.0.40219.1
Project("{FAE04EC0-301F-11D3-BF4B-00C04F79EFBC}") = "WebApplication3", "WebApplication3\WebApplication3.csproj", "{006F5D09-D095-40E2-BC3F-4513E92BA6C0}"
EndProject
Global
	GlobalSection(SolutionConfigurationPlatforms) = preSolution
		Debug|Any CPU = Debug|Any CPU
		Release|Any CPU = Release|Any CPU
	EndGlobalSection
	GlobalSection(ProjectConfigurationPlatforms) = postSolution
		{006F5D09-D095-40E2-BC3F-4513E92BA6C0}.Debug|Any CPU.ActiveCfg = Debug|Any CPU
		{006F5D09-D095-40E2-BC3F-4513E92BA6C0}.Debug|Any CPU.Build.0 = Debug|Any CPU
		{006F5D09-D095-40E2-BC3F-4513E92BA6C0}.Release|Any CPU.ActiveCfg = Release|Any CPU
		{006F5D09-D095-40E2-BC3F-4513E92BA6C0}.Release|Any CPU.Build.0 = Release|Any CPU
	EndGlobalSection
	GlobalSection(SolutionProperties) = preSolution
		HideSolutionNode = FALSE
	EndGlobalSection
	GlobalSection(ExtensibilityGlobals) = postSolution
		SolutionGuid = {C357811A-3F8B-4109-8B17-E83B94FB6155}
	EndGlobalSection
EndGlobal
